PODS:
  - PromiseKit (6.3.4):
    - PromiseKit/CorePromise (= 6.3.4)
    - PromiseKit/Foundation (= 6.3.4)
    - PromiseKit/UIKit (= 6.3.4)
  - PromiseKit/CorePromise (6.3.4)
  - PromiseKit/Foundation (6.3.4):
    - PromiseKit/CorePromise
  - PromiseKit/UIKit (6.3.4):
    - PromiseKit/CorePromise
  - SKSwiftLib (0.1.0):
    - PromiseKit

DEPENDENCIES:
  - PromiseKit
  - SKSwiftLib (from `../`)

SPEC REPOS:
  https://github.com/CocoaPods/Specs.git:
    - PromiseKit

EXTERNAL SOURCES:
  SKSwiftLib:
    :path: "../"

SPEC CHECKSUMS:
  PromiseKit: e1425568123ec844a944c93f2bcb29d511d39cf5
  SKSwiftLib: bb2558a2748e1dd617c250fb11233283af8aed61

PODFILE CHECKSUM: 3c657dbd4ab6cac3dc15da2fd704c2c3e98ece88

COCOAPODS: 1.5.0
